<?xml version="1.0"?>
<Project ToolsVersion="4.0" xmlns="http://schemas.microsoft.com/developer/msbuild/2003">
	<ItemGroup>
		<ClCompile Include="src\ofApp.cpp">
			<Filter>src</Filter>
		</ClCompile>
		<ClCompile Include="src\main.cpp">
			<Filter>src</Filter>
		</ClCompile>
		<ClCompile Include="src\main.cpp">
			<Filter>src</Filter>
		</ClCompile>
		<ClCompile Include="src\ofApp.cpp">
			<Filter>src</Filter>
		</ClCompile>
		<ClCompile Include="..\..\..\addons\ofxZmqWindows\src\ofxZmq.cpp">
			<Filter>addons\ofxZmqWindows\src</Filter>
		</ClCompile>
		<ClCompile Include="..\..\..\addons\ofxZmqWindows\src\ofxZmqPair.cpp">
			<Filter>addons\ofxZmqWindows\src</Filter>
		</ClCompile>
		<ClCompile Include="..\..\..\addons\ofxZmqWindows\src\ofxZmqPublisher.cpp">
			<Filter>addons\ofxZmqWindows\src</Filter>
		</ClCompile>
		<ClCompile Include="..\..\..\addons\ofxZmqWindows\src\ofxZmqReply.cpp">
			<Filter>addons\ofxZmqWindows\src</Filter>
		</ClCompile>
		<ClCompile Include="..\..\..\addons\ofxZmqWindows\src\ofxZmqRequest.cpp">
			<Filter>addons\ofxZmqWindows\src</Filter>
		</ClCompile>
		<ClCompile Include="..\..\..\addons\ofxZmqWindows\src\ofxZmqSocket.cpp">
			<Filter>addons\ofxZmqWindows\src</Filter>
		</ClCompile>
		<ClCompile Include="..\..\..\addons\ofxZmqWindows\src\ofxZmqSubscriber.cpp">
			<Filter>addons\ofxZmqWindows\src</Filter>
		</ClCompile>
	</ItemGroup>
	<ItemGroup>
		<Filter Include="src">
			<UniqueIdentifier>{d8376475-7454-4a24-b08a-aac121d3ad6f}</UniqueIdentifier>
		</Filter>
		<Filter Include="addons">
			<UniqueIdentifier>{71834F65-F3A9-211E-73B8-DC85}</UniqueIdentifier>
		</Filter>
		<Filter Include="addons\ofxScreenConsole">
			<UniqueIdentifier>{DAEC0CC4-EF0E-B1EB-952A-58D2}</UniqueIdentifier>
		</Filter>
		<Filter Include="addons\ofxScreenConsole\src">
			<UniqueIdentifier>{CDB00050-EEBF-F04A-89C0-053F}</UniqueIdentifier>
		</Filter>
		<Filter Include="addons\ofxZmqWindows">
			<UniqueIdentifier>{BB60CFAA-2F75-2E4A-B33C-3B76}</UniqueIdentifier>
		</Filter>
		<Filter Include="addons\ofxZmqWindows\src">
			<UniqueIdentifier>{85EE07FC-2C95-FB97-AC4A-1B4F}</UniqueIdentifier>
		</Filter>
		<Filter Include="addons\ofxZmqWindows\libs">
			<UniqueIdentifier>{C01F2E21-C4AD-BD42-2792-E6F9}</UniqueIdentifier>
		</Filter>
		<Filter Include="addons\ofxZmqWindows\libs\include">
			<UniqueIdentifier>{5A621DF3-5052-3630-5FDC-A2DD}</UniqueIdentifier>
		</Filter>
	</ItemGroup>
	<ItemGroup>
		<ClInclude Include="src\ofApp.h">
			<Filter>src</Filter>
		</ClInclude>
		<ClInclude Include="src\ofApp.h">
			<Filter>src</Filter>
		</ClInclude>
		<ClInclude Include="..\..\..\addons\ofxScreenConsole\src\ScreenConsole.h">
			<Filter>addons\ofxScreenConsole\src</Filter>
		</ClInclude>
		<ClInclude Include="..\..\..\addons\ofxZmqWindows\src\ofxZmq.h">
			<Filter>addons\ofxZmqWindows\src</Filter>
		</ClInclude>
		<ClInclude Include="..\..\..\addons\ofxZmqWindows\src\ofxZmqConfig.h">
			<Filter>addons\ofxZmqWindows\src</Filter>
		</ClInclude>
		<ClInclude Include="..\..\..\addons\ofxZmqWindows\src\ofxZmqPair.h">
			<Filter>addons\ofxZmqWindows\src</Filter>
		</ClInclude>
		<ClInclude Include="..\..\..\addons\ofxZmqWindows\src\ofxZmqPublisher.h">
			<Filter>addons\ofxZmqWindows\src</Filter>
		</ClInclude>
		<ClInclude Include="..\..\..\addons\ofxZmqWindows\src\ofxZmqReply.h">
			<Filter>addons\ofxZmqWindows\src</Filter>
		</ClInclude>
		<ClInclude Include="..\..\..\addons\ofxZmqWindows\src\ofxZmqRequest.h">
			<Filter>addons\ofxZmqWindows\src</Filter>
		</ClInclude>
		<ClInclude Include="..\..\..\addons\ofxZmqWindows\src\ofxZmqSocket.h">
			<Filter>addons\ofxZmqWindows\src</Filter>
		</ClInclude>
		<ClInclude Include="..\..\..\addons\ofxZmqWindows\src\ofxZmqSubscriber.h">
			<Filter>addons\ofxZmqWindows\src</Filter>
		</ClInclude>
		<ClInclude Include="..\..\..\addons\ofxZmqWindows\libs\include\zmq.h">
			<Filter>addons\ofxZmqWindows\libs\include</Filter>
		</ClInclude>
		<ClInclude Include="..\..\..\addons\ofxZmqWindows\libs\include\zmq.hpp">
			<Filter>addons\ofxZmqWindows\libs\include</Filter>
		</ClInclude>
		<ClInclude Include="..\..\..\addons\ofxZmqWindows\libs\include\zmq_addon.hpp">
			<Filter>addons\ofxZmqWindows\libs\include</Filter>
		</ClInclude>
		<ClInclude Include="..\..\..\addons\ofxZmqWindows\libs\include\zmq_utils.h">
			<Filter>addons\ofxZmqWindows\libs\include</Filter>
		</ClInclude>
	</ItemGroup>
	<ItemGroup>
		<ResourceCompile Include="icon.rc" />
	</ItemGroup>
</Project>
